// !$*UTF8*$!
{
	archiveVersion = 1;
	classes = {
	};
	objectVersion = 50;
	objects = {

/* Begin PBXBuildFile section */
		7C7B5EB12430431100562EF6 /* Date.swift in Sources */ = {isa = PBXBuildFile; fileRef = 7C7B5EB02430431100562EF6 /* Date.swift */; };
		7C7B5EB3243059AC00562EF6 /* Budget.swift in Sources */ = {isa = PBXBuildFile; fileRef = 7C7B5EB2243059AC00562EF6 /* Budget.swift */; };
		7C80E9D8242CD67700D49C68 /* EdittingView.swift in Sources */ = {isa = PBXBuildFile; fileRef = 7C80E9D7242CD67700D49C68 /* EdittingView.swift */; };
		7C91E27A2429B20E00D9C092 /* AppDelegate.swift in Sources */ = {isa = PBXBuildFile; fileRef = 7C91E2792429B20E00D9C092 /* AppDelegate.swift */; };
		7C91E27C2429B20E00D9C092 /* SceneDelegate.swift in Sources */ = {isa = PBXBuildFile; fileRef = 7C91E27B2429B20E00D9C092 /* SceneDelegate.swift */; };
		7C91E27F2429B20E00D9C092 /* accountboook2.xcdatamodeld in Sources */ = {isa = PBXBuildFile; fileRef = 7C91E27D2429B20E00D9C092 /* accountboook2.xcdatamodeld */; };
		7C91E2812429B20E00D9C092 /* ContentView.swift in Sources */ = {isa = PBXBuildFile; fileRef = 7C91E2802429B20E00D9C092 /* ContentView.swift */; };
		7C91E2832429B21100D9C092 /* Assets.xcassets in Resources */ = {isa = PBXBuildFile; fileRef = 7C91E2822429B21100D9C092 /* Assets.xcassets */; };
		7C91E2862429B21100D9C092 /* Preview Assets.xcassets in Resources */ = {isa = PBXBuildFile; fileRef = 7C91E2852429B21100D9C092 /* Preview Assets.xcassets */; };
		7C91E2892429B21100D9C092 /* LaunchScreen.storyboard in Resources */ = {isa = PBXBuildFile; fileRef = 7C91E2872429B21100D9C092 /* LaunchScreen.storyboard */; };
		7C91E2922429B29400D9C092 /* Bill+CoreDataClass.swift in Sources */ = {isa = PBXBuildFile; fileRef = 7C91E2902429B29400D9C092 /* Bill+CoreDataClass.swift */; };
		7C91E2932429B29400D9C092 /* Bill+CoreDataProperties.swift in Sources */ = {isa = PBXBuildFile; fileRef = 7C91E2912429B29400D9C092 /* Bill+CoreDataProperties.swift */; };
		7C91E2952429B30200D9C092 /* BillRow.swift in Sources */ = {isa = PBXBuildFile; fileRef = 7C91E2942429B30200D9C092 /* BillRow.swift */; };
		7C91E2972429B31800D9C092 /* AddNew.swift in Sources */ = {isa = PBXBuildFile; fileRef = 7C91E2962429B31800D9C092 /* AddNew.swift */; };
		7C91E2992429B33E00D9C092 /* BillDetail.swift in Sources */ = {isa = PBXBuildFile; fileRef = 7C91E2982429B33E00D9C092 /* BillDetail.swift */; };
		7C91E29D242A0D5700D9C092 /* BillType.swift in Sources */ = {isa = PBXBuildFile; fileRef = 7C91E29C242A0D5700D9C092 /* BillType.swift */; };
		7CAF2C3D242B1CFD00827CD8 /* PickerView.swift in Sources */ = {isa = PBXBuildFile; fileRef = 7CAF2C3C242B1CFD00827CD8 /* PickerView.swift */; };
/* End PBXBuildFile section */

/* Begin PBXFileReference section */
		7C7B5EB02430431100562EF6 /* Date.swift */ = {isa = PBXFileReference; lastKnownFileType = sourcecode.swift; path = Date.swift; sourceTree = "<group>"; };
		7C7B5EB2243059AC00562EF6 /* Budget.swift */ = {isa = PBXFileReference; lastKnownFileType = sourcecode.swift; path = Budget.swift; sourceTree = "<group>"; };
		7C80E9D7242CD67700D49C68 /* EdittingView.swift */ = {isa = PBXFileReference; lastKnownFileType = sourcecode.swift; path = EdittingView.swift; sourceTree = "<group>"; };
		7C91E2762429B20E00D9C092 /* accountboook2.app */ = {isa = PBXFileReference; explicitFileType = wrapper.application; includeInIndex = 0; path = accountboook2.app; sourceTree = BUILT_PRODUCTS_DIR; };
		7C91E2792429B20E00D9C092 /* AppDelegate.swift */ = {isa = PBXFileReference; lastKnownFileType = sourcecode.swift; path = AppDelegate.swift; sourceTree = "<group>"; };
		7C91E27B2429B20E00D9C092 /* SceneDelegate.swift */ = {isa = PBXFileReference; lastKnownFileType = sourcecode.swift; path = SceneDelegate.swift; sourceTree = "<group>"; };
		7C91E27E2429B20E00D9C092 /* accountboook2.xcdatamodel */ = {isa = PBXFileReference; lastKnownFileType = wrapper.xcdatamodel; path = accountboook2.xcdatamodel; sourceTree = "<group>"; };
		7C91E2802429B20E00D9C092 /* ContentView.swift */ = {isa = PBXFileReference; lastKnownFileType = sourcecode.swift; path = ContentView.swift; sourceTree = "<group>"; };
		7C91E2822429B21100D9C092 /* Assets.xcassets */ = {isa = PBXFileReference; lastKnownFileType = folder.assetcatalog; path = Assets.xcassets; sourceTree = "<group>"; };
		7C91E2852429B21100D9C092 /* Preview Assets.xcassets */ = {isa = PBXFileReference; lastKnownFileType = folder.assetcatalog; path = "Preview Assets.xcassets"; sourceTree = "<group>"; };
		7C91E2882429B21100D9C092 /* Base */ = {isa = PBXFileReference; lastKnownFileType = file.storyboard; name = Base; path = Base.lproj/LaunchScreen.storyboard; sourceTree = "<group>"; };
		7C91E28A2429B21100D9C092 /* Info.plist */ = {isa = PBXFileReference; lastKnownFileType = text.plist.xml; path = Info.plist; sourceTree = "<group>"; };
		7C91E2902429B29400D9C092 /* Bill+CoreDataClass.swift */ = {isa = PBXFileReference; lastKnownFileType = sourcecode.swift; path = "Bill+CoreDataClass.swift"; sourceTree = "<group>"; };
		7C91E2912429B29400D9C092 /* Bill+CoreDataProperties.swift */ = {isa = PBXFileReference; lastKnownFileType = sourcecode.swift; path = "Bill+CoreDataProperties.swift"; sourceTree = "<group>"; };
		7C91E2942429B30200D9C092 /* BillRow.swift */ = {isa = PBXFileReference; lastKnownFileType = sourcecode.swift; path = BillRow.swift; sourceTree = "<group>"; };
		7C91E2962429B31800D9C092 /* AddNew.swift */ = {isa = PBXFileReference; lastKnownFileType = sourcecode.swift; path = AddNew.swift; sourceTree = "<group>"; };
		7C91E2982429B33E00D9C092 /* BillDetail.swift */ = {isa = PBXFileReference; lastKnownFileType = sourcecode.swift; path = BillDetail.swift; sourceTree = "<group>"; };
		7C91E29C242A0D5700D9C092 /* BillType.swift */ = {isa = PBXFileReference; lastKnownFileType = sourcecode.swift; path = BillType.swift; sourceTree = "<group>"; };
		7CAF2C3C242B1CFD00827CD8 /* PickerView.swift */ = {isa = PBXFileReference; lastKnownFileType = sourcecode.swift; path = PickerView.swift; sourceTree = "<group>"; };
/* End PBXFileReference section */

/* Begin PBXFrameworksBuildPhase section */
		7C91E2732429B20E00D9C092 /* Frameworks */ = {
			isa = PBXFrameworksBuildPhase;
			buildActionMask = 2147483647;
			files = (
			);
			runOnlyForDeploymentPostprocessing = 0;
		};
/* End PBXFrameworksBuildPhase section */

/* Begin PBXGroup section */
		7C91E26D2429B20E00D9C092 = {
			isa = PBXGroup;
			children = (
				7C91E2902429B29400D9C092 /* Bill+CoreDataClass.swift */,
				7C91E2912429B29400D9C092 /* Bill+CoreDataProperties.swift */,
				7C91E2782429B20E00D9C092 /* accountboook2 */,
				7C91E2772429B20E00D9C092 /* Products */,
			);
			sourceTree = "<group>";
		};
		7C91E2772429B20E00D9C092 /* Products */ = {
			isa = PBXGroup;
			children = (
				7C91E2762429B20E00D9C092 /* accountboook2.app */,
			);
			name = Products;
			sourceTree = "<group>";
		};
		7C91E2782429B20E00D9C092 /* accountboook2 */ = {
			isa = PBXGroup;
			children = (
				7C91E2792429B20E00D9C092 /* AppDelegate.swift */,
				7C91E27B2429B20E00D9C092 /* SceneDelegate.swift */,
				7C91E2802429B20E00D9C092 /* ContentView.swift */,
				7C91E2822429B21100D9C092 /* Assets.xcassets */,
				7C91E2872429B21100D9C092 /* LaunchScreen.storyboard */,
				7C91E28A2429B21100D9C092 /* Info.plist */,
				7C91E27D2429B20E00D9C092 /* accountboook2.xcdatamodeld */,
				7C91E2842429B21100D9C092 /* Preview Content */,
				7C91E2942429B30200D9C092 /* BillRow.swift */,
				7C91E2962429B31800D9C092 /* AddNew.swift */,
				7C91E2982429B33E00D9C092 /* BillDetail.swift */,
				7CAF2C3C242B1CFD00827CD8 /* PickerView.swift */,
				7C91E29C242A0D5700D9C092 /* BillType.swift */,
				7C80E9D7242CD67700D49C68 /* EdittingView.swift */,
				7C7B5EB02430431100562EF6 /* Date.swift */,
				7C7B5EB2243059AC00562EF6 /* Budget.swift */,
			);
			path = accountboook2;
			sourceTree = "<group>";
		};
		7C91E2842429B21100D9C092 /* Preview Content */ = {
			isa = PBXGroup;
			children = (
				7C91E2852429B21100D9C092 /* Preview Assets.xcassets */,
			);
			path = "Preview Content";
			sourceTree = "<group>";
		};
/* End PBXGroup section */

/* Begin PBXNativeTarget section */
		7C91E2752429B20E00D9C092 /* accountboook2 */ = {
			isa = PBXNativeTarget;
			buildConfigurationList = 7C91E28D2429B21100D9C092 /* Build configuration list for PBXNativeTarget "accountboook2" */;
			buildPhases = (
				7C91E2722429B20E00D9C092 /* Sources */,
				7C91E2732429B20E00D9C092 /* Frameworks */,
				7C91E2742429B20E00D9C092 /* Resources */,
			);
			buildRules = (
			);
			dependencies = (
			);
			name = accountboook2;
			productName = accountboook2;
			productReference = 7C91E2762429B20E00D9C092 /* accountboook2.app */;
			productType = "com.apple.product-type.application";
		};
/* End PBXNativeTarget section */

/* Begin PBXProject section */
		7C91E26E2429B20E00D9C092 /* Project object */ = {
			isa = PBXProject;
			attributes = {
				LastSwiftUpdateCheck = 1130;
				LastUpgradeCheck = 1130;
				ORGANIZATIONNAME = wtc;
				TargetAttributes = {
					7C91E2752429B20E00D9C092 = {
						CreatedOnToolsVersion = 11.3.1;
					};
				};
			};
			buildConfigurationList = 7C91E2712429B20E00D9C092 /* Build configuration list for PBXProject "accountboook2" */;
			compatibilityVersion = "Xcode 9.3";
			developmentRegion = en;
			hasScannedForEncodings = 0;
			knownRegions = (
				en,
				Base,
			);
			mainGroup = 7C91E26D2429B20E00D9C092;
			productRefGroup = 7C91E2772429B20E00D9C092 /* Products */;
			projectDirPath = "";
			projectRoot = "";
			targets = (
				7C91E2752429B20E00D9C092 /* accountboook2 */,
			);
		};
/* End PBXProject section */

/* Begin PBXResourcesBuildPhase section */
		7C91E2742429B20E00D9C092 /* Resources */ = {
			isa = PBXResourcesBuildPhase;
			buildActionMask = 2147483647;
			files = (
				7C91E2892429B21100D9C092 /* LaunchScreen.storyboard in Resources */,
				7C91E2862429B21100D9C092 /* Preview Assets.xcassets in Resources */,
				7C91E2832429B21100D9C092 /* Assets.xcassets in Resources */,
			);
			runOnlyForDeploymentPostprocessing = 0;
		};
/* End PBXResourcesBuildPhase section */

/* Begin PBXSourcesBuildPhase section */
		7C91E2722429B20E00D9C092 /* Sources */ = {
			isa = PBXSourcesBuildPhase;
			buildActionMask = 2147483647;
			files = (
				7C91E2922429B29400D9C092 /* Bill+CoreDataClass.swift in Sources */,
				7C91E27A2429B20E00D9C092 /* AppDelegate.swift in Sources */,
				7C91E2972429B31800D9C092 /* AddNew.swift in Sources */,
				7C91E2932429B29400D9C092 /* Bill+CoreDataProperties.swift in Sources */,
				7C91E29D242A0D5700D9C092 /* BillType.swift in Sources */,
				7C91E2992429B33E00D9C092 /* BillDetail.swift in Sources */,
				7C91E2952429B30200D9C092 /* BillRow.swift in Sources */,
				7C91E27C2429B20E00D9C092 /* SceneDelegate.swift in Sources */,
				7C80E9D8242CD67700D49C68 /* EdittingView.swift in Sources */,
				7CAF2C3D242B1CFD00827CD8 /* PickerView.swift in Sources */,
				7C91E2812429B20E00D9C092 /* ContentView.swift in Sources */,
				7C7B5EB12430431100562EF6 /* Date.swift in Sources */,
				7C7B5EB3243059AC00562EF6 /* Budget.swift in Sources */,
				7C91E27F2429B20E00D9C092 /* accountboook2.xcdatamodeld in Sources */,
			);
			runOnlyForDeploymentPostprocessing = 0;
		};
/* End PBXSourcesBuildPhase section */

/* Begin PBXVariantGroup section */
		7C91E2872429B21100D9C092 /* LaunchScreen.storyboard */ = {
			isa = PBXVariantGroup;
			children = (
				7C91E2882429B21100D9C092 /* Base */,
			);
			name = LaunchScreen.storyboard;
			sourceTree = "<group>";
		};
/* End PBXVariantGroup section */

/* Begin XCBuildConfiguration section */
		7C91E28B2429B21100D9C092 /* Debug */ = {
			isa = XCBuildConfiguration;
			buildSettings = {
				ALWAYS_SEARCH_USER_PATHS = NO;
				CLANG_ANALYZER_NONNULL = YES;
				CLANG_ANALYZER_NUMBER_OBJECT_CONVERSION = YES_AGGRESSIVE;
				CLANG_CXX_LANGUAGE_STANDARD = "gnu++14";
				CLANG_CXX_LIBRARY = "libc++";
				CLANG_ENABLE_MODULES = YES;
				CLANG_ENABLE_OBJC_ARC = YES;
				CLANG_ENABLE_OBJC_WEAK = YES;
				CLANG_WARN_BLOCK_CAPTURE_AUTORELEASING = YES;
				CLANG_WARN_BOOL_CONVERSION = YES;
				CLANG_WARN_COMMA = YES;
				CLANG_WARN_CONSTANT_CONVERSION = YES;
				CLANG_WARN_DEPRECATED_OBJC_IMPLEMENTATIONS = YES;
				CLANG_WARN_DIRECT_OBJC_ISA_USAGE = YES_ERROR;
				CLANG_WARN_DOCUMENTATION_COMMENTS = YES;
				CLANG_WARN_EMPTY_BODY = YES;
				CLANG_WARN_ENUM_CONVERSION = YES;
				CLANG_WARN_INFINITE_RECURSION = YES;
				CLANG_WARN_INT_CONVERSION = YES;
				CLANG_WARN_NON_LITERAL_NULL_CONVERSION = YES;
				CLANG_WARN_OBJC_IMPLICIT_RETAIN_SELF = YES;
				CLANG_WARN_OBJC_LITERAL_CONVERSION = YES;
				CLANG_WARN_OBJC_ROOT_CLASS = YES_ERROR;
				CLANG_WARN_RANGE_LOOP_ANALYSIS = YES;
				CLANG_WARN_STRICT_PROTOTYPES = YES;
				CLANG_WARN_SUSPICIOUS_MOVE = YES;
				CLANG_WARN_UNGUARDED_AVAILABILITY = YES_AGGRESSIVE;
				CLANG_WARN_UNREACHABLE_CODE = YES;
				CLANG_WARN__DUPLICATE_METHOD_MATCH = YES;
				COPY_PHASE_STRIP = NO;
				DEBUG_INFORMATION_FORMAT = dwarf;
				ENABLE_STRICT_OBJC_MSGSEND = YES;
				ENABLE_TESTABILITY = YES;
				GCC_C_LANGUAGE_STANDARD = gnu11;
				GCC_DYNAMIC_NO_PIC = NO;
				GCC_NO_COMMON_BLOCKS = YES;
				GCC_OPTIMIZATION_LEVEL = 0;
				GCC_PREPROCESSOR_DEFINITIONS = (
					"DEBUG=1",
					"$(inherited)",
				);
				GCC_WARN_64_TO_32_BIT_CONVERSION = YES;
				GCC_WARN_ABOUT_RETURN_TYPE = YES_ERROR;
				GCC_WARN_UNDECLARED_SELECTOR = YES;
				GCC_WARN_UNINITIALIZED_AUTOS = YES_AGGRESSIVE;
				GCC_WARN_UNUSED_FUNCTION = YES;
				GCC_WARN_UNUSED_VARIABLE = YES;
				IPHONEOS_DEPLOYMENT_TARGET = 13.2;
				MTL_ENABLE_DEBUG_INFO = INCLUDE_SOURCE;
				MTL_FAST_MATH = YES;
				ONLY_ACTIVE_ARCH = YES;
				SDKROOT = iphoneos;
				SWIFT_ACTIVE_COMPILATION_CONDITIONS = DEBUG;
				SWIFT_OPTIMIZATION_LEVEL = "-Onone";
			};
			name = Debug;
		};
		7C91E28C2429B21100D9C092 /* Release */ = {
			isa = XCBuildConfiguration;
			buildSettings = {
				ALWAYS_SEARCH_USER_PATHS = NO;
				CLANG_ANALYZER_NONNULL = YES;
				CLANG_ANALYZER_NUMBER_OBJECT_CONVERSION = YES_AGGRESSIVE;
				CLANG_CXX_LANGUAGE_STANDARD = "gnu++14";
				CLANG_CXX_LIBRARY = "libc++";
				CLANG_ENABLE_MODULES = YES;
				CLANG_ENABLE_OBJC_ARC = YES;
				CLANG_ENABLE_OBJC_WEAK = YES;
				CLANG_WARN_BLOCK_CAPTURE_AUTORELEASING = YES;
				CLANG_WARN_BOOL_CONVERSION = YES;
				CLANG_WARN_COMMA = YES;
				CLANG_WARN_CONSTANT_CONVERSION = YES;
				CLANG_WARN_DEPRECATED_OBJC_IMPLEMENTATIONS = YES;
				CLANG_WARN_DIRECT_OBJC_ISA_USAGE = YES_ERROR;
				CLANG_WARN_DOCUMENTATION_COMMENTS = YES;
				CLANG_WARN_EMPTY_BODY = YES;
				CLANG_WARN_ENUM_CONVERSION = YES;
				CLANG_WARN_INFINITE_RECURSION = YES;
				CLANG_WARN_INT_CONVERSION = YES;
				CLANG_WARN_NON_LITERAL_NULL_CONVERSION = YES;
				CLANG_WARN_OBJC_IMPLICIT_RETAIN_SELF = YES;
				CLANG_WARN_OBJC_LITERAL_CONVERSION = YES;
				CLANG_WARN_OBJC_ROOT_CLASS = YES_ERROR;
				CLANG_WARN_RANGE_LOOP_ANALYSIS = YES;
				CLANG_WARN_STRICT_PROTOTYPES = YES;
				CLANG_WARN_SUSPICIOUS_MOVE = YES;
				CLANG_WARN_UNGUARDED_AVAILABILITY = YES_AGGRESSIVE;
				CLANG_WARN_UNREACHABLE_CODE = YES;
				CLANG_WARN__DUPLICATE_METHOD_MATCH = YES;
				COPY_PHASE_STRIP = NO;
				DEBUG_INFORMATION_FORMAT = "dwarf-with-dsym";
				ENABLE_NS_ASSERTIONS = NO;
				ENABLE_STRICT_OBJC_MSGSEND = YES;
				GCC_C_LANGUAGE_STANDARD = gnu11;
				GCC_NO_COMMON_BLOCKS = YES;
				GCC_WARN_64_TO_32_BIT_CONVERSION = YES;
				GCC_WARN_ABOUT_RETURN_TYPE = YES_ERROR;
				GCC_WARN_UNDECLARED_SELECTOR = YES;
				GCC_WARN_UNINITIALIZED_AUTOS = YES_AGGRESSIVE;
				GCC_WARN_UNUSED_FUNCTION = YES;
				GCC_WARN_UNUSED_VARIABLE = YES;
				IPHONEOS_DEPLOYMENT_TARGET = 13.2;
				MTL_ENABLE_DEBUG_INFO = NO;
				MTL_FAST_MATH = YES;
				SDKROOT = iphoneos;
				SWIFT_COMPILATION_MODE = wholemodule;
				SWIFT_OPTIMIZATION_LEVEL = "-O";
				VALIDATE_PRODUCT = YES;
			};
			name = Release;
		};
		7C91E28E2429B21100D9C092 /* Debug */ = {
			isa = XCBuildConfiguration;
			buildSettings = {
				ASSETCATALOG_COMPILER_APPICON_NAME = AppIcon;
				CODE_SIGN_STYLE = Automatic;
				DEVELOPMENT_ASSET_PATHS = "\"accountboook2/Preview Content\"";
				DEVELOPMENT_TEAM = 4J3PN2TM9J;
				ENABLE_PREVIEWS = YES;
				INFOPLIST_FILE = accountboook2/Info.plist;
				LD_RUNPATH_SEARCH_PATHS = (
					"$(inherited)",
					"@executable_path/Frameworks",
				);
				PRODUCT_BUNDLE_IDENTIFIER = com.wtc.accountboook2;
				PRODUCT_NAME = "$(TARGET_NAME)";
				SWIFT_VERSION = 5.0;
				TARGETED_DEVICE_FAMILY = "1,2";
			};
			name = Debug;
		};
		7C91E28F2429B21100D9C092 /* Release */ = {
			isa = XCBuildConfiguration;
			buildSettings = {
				ASSETCATALOG_COMPILER_APPICON_NAME = AppIcon;
				CODE_SIGN_STYLE = Automatic;
				DEVELOPMENT_ASSET_PATHS = "\"accountboook2/Preview Content\"";
				DEVELOPMENT_TEAM = 4J3PN2TM9J;
				ENABLE_PREVIEWS = YES;
				INFOPLIST_FILE = accountboook2/Info.plist;
				LD_RUNPATH_SEARCH_PATHS = (
					"$(inherited)",
					"@executable_path/Frameworks",
				);
				PRODUCT_BUNDLE_IDENTIFIER = com.wtc.accountboook2;
				PRODUCT_NAME = "$(TARGET_NAME)";
				SWIFT_VERSION = 5.0;
				TARGETED_DEVICE_FAMILY = "1,2";
			};
			name = Release;
		};
/* End XCBuildConfiguration section */

/* Begin XCConfigurationList section */
		7C91E2712429B20E00D9C092 /* Build configuration list for PBXProject "accountboook2" */ = {
			isa = XCConfigurationList;
			buildConfigurations = (
				7C91E28B2429B21100D9C092 /* Debug */,
				7C91E28C2429B21100D9C092 /* Release */,
			);
			defaultConfigurationIsVisible = 0;
			defaultConfigurationName = Release;
		};
		7C91E28D2429B21100D9C092 /* Build configuration list for PBXNativeTarget "accountboook2" */ = {
			isa = XCConfigurationList;
			buildConfigurations = (
				7C91E28E2429B21100D9C092 /* Debug */,
				7C91E28F2429B21100D9C092 /* Release */,
			);
			defaultConfigurationIsVisible = 0;
			defaultConfigurationName = Release;
		};
/* End XCConfigurationList section */

/* Begin XCVersionGroup section */
		7C91E27D2429B20E00D9C092 /* accountboook2.xcdatamodeld */ = {
			isa = XCVersionGroup;
			children = (
				7C91E27E2429B20E00D9C092 /* accountboook2.xcdatamodel */,
			);
			currentVersion = 7C91E27E2429B20E00D9C092 /* accountboook2.xcdatamodel */;
			path = accountboook2.xcdatamodeld;
			sourceTree = "<group>";
			versionGroupType = wrapper.xcdatamodel;
		};
/* End XCVersionGroup section */
	};
	rootObject = 7C91E26E2429B20E00D9C092 /* Project object */;
}
